// !$*UTF8*$!
{
	archiveVersion = 1;
	classes = {
	};
	objectVersion = 50;
	objects = {

/* Begin PBXBuildFile section */
		6C22EF3425DACFA90039CD6B /* scientists.json in Resources */ = {isa = PBXBuildFile; fileRef = 6C22EF3325DACFA90039CD6B /* scientists.json */; };
		6C22EF3725DACFC60039CD6B /* Scientist.swift in Sources */ = {isa = PBXBuildFile; fileRef = 6C22EF3625DACFC60039CD6B /* Scientist.swift */; };
		6CBD0B8D25DABC460031B169 /* AppDelegate.swift in Sources */ = {isa = PBXBuildFile; fileRef = 6CBD0B8C25DABC460031B169 /* AppDelegate.swift */; };
		6CBD0B9125DABC460031B169 /* ViewController.swift in Sources */ = {isa = PBXBuildFile; fileRef = 6CBD0B9025DABC460031B169 /* ViewController.swift */; };
		6CBD0B9425DABC460031B169 /* Main.storyboard in Resources */ = {isa = PBXBuildFile; fileRef = 6CBD0B9225DABC460031B169 /* Main.storyboard */; };
		6CBD0B9625DABC480031B169 /* Assets.xcassets in Resources */ = {isa = PBXBuildFile; fileRef = 6CBD0B9525DABC480031B169 /* Assets.xcassets */; };
		6CBD0B9925DABC480031B169 /* LaunchScreen.storyboard in Resources */ = {isa = PBXBuildFile; fileRef = 6CBD0B9725DABC480031B169 /* LaunchScreen.storyboard */; };
/* End PBXBuildFile section */

/* Begin PBXFileReference section */
		6C22EF3325DACFA90039CD6B /* scientists.json */ = {isa = PBXFileReference; fileEncoding = 4; lastKnownFileType = text.json; path = scientists.json; sourceTree = "<group>"; };
		6C22EF3625DACFC60039CD6B /* Scientist.swift */ = {isa = PBXFileReference; lastKnownFileType = sourcecode.swift; path = Scientist.swift; sourceTree = "<group>"; };
		6CBD0B8925DABC460031B169 /* SpotTheScientist2.app */ = {isa = PBXFileReference; explicitFileType = wrapper.application; includeInIndex = 0; path = SpotTheScientist2.app; sourceTree = BUILT_PRODUCTS_DIR; };
		6CBD0B8C25DABC460031B169 /* AppDelegate.swift */ = {isa = PBXFileReference; lastKnownFileType = sourcecode.swift; path = AppDelegate.swift; sourceTree = "<group>"; };
		6CBD0B9025DABC460031B169 /* ViewController.swift */ = {isa = PBXFileReference; lastKnownFileType = sourcecode.swift; path = ViewController.swift; sourceTree = "<group>"; };
		6CBD0B9325DABC460031B169 /* Base */ = {isa = PBXFileReference; lastKnownFileType = file.storyboard; name = Base; path = Base.lproj/Main.storyboard; sourceTree = "<group>"; };
		6CBD0B9525DABC480031B169 /* Assets.xcassets */ = {isa = PBXFileReference; lastKnownFileType = folder.assetcatalog; path = Assets.xcassets; sourceTree = "<group>"; };
		6CBD0B9825DABC480031B169 /* Base */ = {isa = PBXFileReference; lastKnownFileType = file.storyboard; name = Base; path = Base.lproj/LaunchScreen.storyboard; sourceTree = "<group>"; };
		6CBD0B9A25DABC480031B169 /* Info.plist */ = {isa = PBXFileReference; lastKnownFileType = text.plist.xml; path = Info.plist; sourceTree = "<group>"; };
/* End PBXFileReference section */

/* Begin PBXFrameworksBuildPhase section */
		6CBD0B8625DABC460031B169 /* Frameworks */ = {
			isa = PBXFrameworksBuildPhase;
			buildActionMask = 2147483647;
			files = (
			);
			runOnlyForDeploymentPostprocessing = 0;
		};
/* End PBXFrameworksBuildPhase section */

/* Begin PBXGroup section */
		6CBD0B8025DABC460031B169 = {
			isa = PBXGroup;
			children = (
				6CBD0B8B25DABC460031B169 /* SpotTheScientist2 */,
				6CBD0B8A25DABC460031B169 /* Products */,
			);
			sourceTree = "<group>";
		};
		6CBD0B8A25DABC460031B169 /* Products */ = {
			isa = PBXGroup;
			children = (
				6CBD0B8925DABC460031B169 /* SpotTheScientist2.app */,
			);
			name = Products;
			sourceTree = "<group>";
		};
		6CBD0B8B25DABC460031B169 /* SpotTheScientist2 */ = {
			isa = PBXGroup;
			children = (
				6C22EF3325DACFA90039CD6B /* scientists.json */,
				6CBD0B8C25DABC460031B169 /* AppDelegate.swift */,
				6CBD0B9025DABC460031B169 /* ViewController.swift */,
				6CBD0B9225DABC460031B169 /* Main.storyboard */,
				6CBD0B9525DABC480031B169 /* Assets.xcassets */,
				6CBD0B9725DABC480031B169 /* LaunchScreen.storyboard */,
				6CBD0B9A25DABC480031B169 /* Info.plist */,
				6C22EF3625DACFC60039CD6B /* Scientist.swift */,
			);
			path = SpotTheScientist2;
			sourceTree = "<group>";
		};
/* End PBXGroup section */

/* Begin PBXNativeTarget section */
		6CBD0B8825DABC460031B169 /* SpotTheScientist2 */ = {
			isa = PBXNativeTarget;
			buildConfigurationList = 6CBD0B9D25DABC480031B169 /* Build configuration list for PBXNativeTarget "SpotTheScientist2" */;
			buildPhases = (
				6CBD0B8525DABC460031B169 /* Sources */,
				6CBD0B8625DABC460031B169 /* Frameworks */,
				6CBD0B8725DABC460031B169 /* Resources */,
			);
			buildRules = (
			);
			dependencies = (
			);
			name = SpotTheScientist2;
			productName = SpotTheScientist2;
			productReference = 6CBD0B8925DABC460031B169 /* SpotTheScientist2.app */;
			productType = "com.apple.product-type.application";
		};
/* End PBXNativeTarget section */

/* Begin PBXProject section */
		6CBD0B8125DABC460031B169 /* Project object */ = {
			isa = PBXProject;
			attributes = {
				LastSwiftUpdateCheck = 1240;
				LastUpgradeCheck = 1240;
				TargetAttributes = {
					6CBD0B8825DABC460031B169 = {
						CreatedOnToolsVersion = 12.4;
					};
				};
			};
			buildConfigurationList = 6CBD0B8425DABC460031B169 /* Build configuration list for PBXProject "SpotTheScientist2" */;
			compatibilityVersion = "Xcode 9.3";
			developmentRegion = en;
			hasScannedForEncodings = 0;
			knownRegions = (
				en,
				Base,
			);
			mainGroup = 6CBD0B8025DABC460031B169;
			productRefGroup = 6CBD0B8A25DABC460031B169 /* Products */;
			projectDirPath = "";
			projectRoot = "";
			targets = (
				6CBD0B8825DABC460031B169 /* SpotTheScientist2 */,
			);
		};
/* End PBXProject section */

/* Begin PBXResourcesBuildPhase section */
		6CBD0B8725DABC460031B169 /* Resources */ = {
			isa = PBXResourcesBuildPhase;
			buildActionMask = 2147483647;
			files = (
				6C22EF3425DACFA90039CD6B /* scientists.json in Resources */,
				6CBD0B9925DABC480031B169 /* LaunchScreen.storyboard in Resources */,
				6CBD0B9625DABC480031B169 /* Assets.xcassets in Resources */,
				6CBD0B9425DABC460031B169 /* Main.storyboard in Resources */,
			);
			runOnlyForDeploymentPostprocessing = 0;
		};
/* End PBXResourcesBuildPhase section */

/* Begin PBXSourcesBuildPhase section */
		6CBD0B8525DABC460031B169 /* Sources */ = {
			isa = PBXSourcesBuildPhase;
			buildActionMask = 2147483647;
			files = (
				6CBD0B9125DABC460031B169 /* ViewController.swift in Sources */,
				6C22EF3725DACFC60039CD6B /* Scientist.swift in Sources */,
				6CBD0B8D25DABC460031B169 /* AppDelegate.swift in Sources */,
			);
			runOnlyForDeploymentPostprocessing = 0;
		};
/* End PBXSourcesBuildPhase section */

/* Begin PBXVariantGroup section */
		6CBD0B9225DABC460031B169 /* Main.storyboard */ = {
			isa = PBXVariantGroup;
			children = (
				6CBD0B9325DABC460031B169 /* Base */,
			);
			name = Main.storyboard;
			sourceTree = "<group>";
		};
		6CBD0B9725DABC480031B169 /* LaunchScreen.storyboard */ = {
			isa = PBXVariantGroup;
			children = (
				6CBD0B9825DABC480031B169 /* Base */,
			);
			name = LaunchScreen.storyboard;
			sourceTree = "<group>";
		};
/* End PBXVariantGroup section */

/* Begin XCBuildConfiguration section */
		6CBD0B9B25DABC480031B169 /* Debug */ = {
			isa = XCBuildConfiguration;
			buildSettings = {
				ALWAYS_SEARCH_USER_PATHS = NO;
				CLANG_ANALYZER_NONNULL = YES;
				CLANG_ANALYZER_NUMBER_OBJECT_CONVERSION = YES_AGGRESSIVE;
				CLANG_CXX_LANGUAGE_STANDARD = "gnu++14";
				CLANG_CXX_LIBRARY = "libc++";
				CLANG_ENABLE_MODULES = YES;
				CLANG_ENABLE_OBJC_ARC = YES;
				CLANG_ENABLE_OBJC_WEAK = YES;
				CLANG_WARN_BLOCK_CAPTURE_AUTORELEASING = YES;
				CLANG_WARN_BOOL_CONVERSION = YES;
				CLANG_WARN_COMMA = YES;
				CLANG_WARN_CONSTANT_CONVERSION = YES;
				CLANG_WARN_DEPRECATED_OBJC_IMPLEMENTATIONS = YES;
				CLANG_WARN_DIRECT_OBJC_ISA_USAGE = YES_ERROR;
				CLANG_WARN_DOCUMENTATION_COMMENTS = YES;
				CLANG_WARN_EMPTY_BODY = YES;
				CLANG_WARN_ENUM_CONVERSION = YES;
				CLANG_WARN_INFINITE_RECURSION = YES;
				CLANG_WARN_INT_CONVERSION = YES;
				CLANG_WARN_NON_LITERAL_NULL_CONVERSION = YES;
				CLANG_WARN_OBJC_IMPLICIT_RETAIN_SELF = YES;
				CLANG_WARN_OBJC_LITERAL_CONVERSION = YES;
				CLANG_WARN_OBJC_ROOT_CLASS = YES_ERROR;
				CLANG_WARN_QUOTED_INCLUDE_IN_FRAMEWORK_HEADER = YES;
				CLANG_WARN_RANGE_LOOP_ANALYSIS = YES;
				CLANG_WARN_STRICT_PROTOTYPES = YES;
				CLANG_WARN_SUSPICIOUS_MOVE = YES;
				CLANG_WARN_UNGUARDED_AVAILABILITY = YES_AGGRESSIVE;
				CLANG_WARN_UNREACHABLE_CODE = YES;
				CLANG_WARN__DUPLICATE_METHOD_MATCH = YES;
				COPY_PHASE_STRIP = NO;
				DEBUG_INFORMATION_FORMAT = dwarf;
				ENABLE_STRICT_OBJC_MSGSEND = YES;
				ENABLE_TESTABILITY = YES;
				GCC_C_LANGUAGE_STANDARD = gnu11;
				GCC_DYNAMIC_NO_PIC = NO;
				GCC_NO_COMMON_BLOCKS = YES;
				GCC_OPTIMIZATION_LEVEL = 0;
				GCC_PREPROCESSOR_DEFINITIONS = (
					"DEBUG=1",
					"$(inherited)",
				);
				GCC_WARN_64_TO_32_BIT_CONVERSION = YES;
				GCC_WARN_ABOUT_RETURN_TYPE = YES_ERROR;
				GCC_WARN_UNDECLARED_SELECTOR = YES;
				GCC_WARN_UNINITIALIZED_AUTOS = YES_AGGRESSIVE;
				GCC_WARN_UNUSED_FUNCTION = YES;
				GCC_WARN_UNUSED_VARIABLE = YES;
				IPHONEOS_DEPLOYMENT_TARGET = 14.4;
				MTL_ENABLE_DEBUG_INFO = INCLUDE_SOURCE;
				MTL_FAST_MATH = YES;
				ONLY_ACTIVE_ARCH = YES;
				SDKROOT = iphoneos;
				SWIFT_ACTIVE_COMPILATION_CONDITIONS = DEBUG;
				SWIFT_OPTIMIZATION_LEVEL = "-Onone";
			};
			name = Debug;
		};
		6CBD0B9C25DABC480031B169 /* Release */ = {
			isa = XCBuildConfiguration;
			buildSettings = {
				ALWAYS_SEARCH_USER_PATHS = NO;
				CLANG_ANALYZER_NONNULL = YES;
				CLANG_ANALYZER_NUMBER_OBJECT_CONVERSION = YES_AGGRESSIVE;
				CLANG_CXX_LANGUAGE_STANDARD = "gnu++14";
				CLANG_CXX_LIBRARY = "libc++";
				CLANG_ENABLE_MODULES = YES;
				CLANG_ENABLE_OBJC_ARC = YES;
				CLANG_ENABLE_OBJC_WEAK = YES;
				CLANG_WARN_BLOCK_CAPTURE_AUTORELEASING = YES;
				CLANG_WARN_BOOL_CONVERSION = YES;
				CLANG_WARN_COMMA = YES;
				CLANG_WARN_CONSTANT_CONVERSION = YES;
				CLANG_WARN_DEPRECATED_OBJC_IMPLEMENTATIONS = YES;
				CLANG_WARN_DIRECT_OBJC_ISA_USAGE = YES_ERROR;
				CLANG_WARN_DOCUMENTATION_COMMENTS = YES;
				CLANG_WARN_EMPTY_BODY = YES;
				CLANG_WARN_ENUM_CONVERSION = YES;
				CLANG_WARN_INFINITE_RECURSION = YES;
				CLANG_WARN_INT_CONVERSION = YES;
				CLANG_WARN_NON_LITERAL_NULL_CONVERSION = YES;
				CLANG_WARN_OBJC_IMPLICIT_RETAIN_SELF = YES;
				CLANG_WARN_OBJC_LITERAL_CONVERSION = YES;
				CLANG_WARN_OBJC_ROOT_CLASS = YES_ERROR;
				CLANG_WARN_QUOTED_INCLUDE_IN_FRAMEWORK_HEADER = YES;
				CLANG_WARN_RANGE_LOOP_ANALYSIS = YES;
				CLANG_WARN_STRICT_PROTOTYPES = YES;
				CLANG_WARN_SUSPICIOUS_MOVE = YES;
				CLANG_WARN_UNGUARDED_AVAILABILITY = YES_AGGRESSIVE;
				CLANG_WARN_UNREACHABLE_CODE = YES;
				CLANG_WARN__DUPLICATE_METHOD_MATCH = YES;
				COPY_PHASE_STRIP = NO;
				DEBUG_INFORMATION_FORMAT = "dwarf-with-dsym";
				ENABLE_NS_ASSERTIONS = NO;
				ENABLE_STRICT_OBJC_MSGSEND = YES;
				GCC_C_LANGUAGE_STANDARD = gnu11;
				GCC_NO_COMMON_BLOCKS = YES;
				GCC_WARN_64_TO_32_BIT_CONVERSION = YES;
				GCC_WARN_ABOUT_RETURN_TYPE = YES_ERROR;
				GCC_WARN_UNDECLARED_SELECTOR = YES;
				GCC_WARN_UNINITIALIZED_AUTOS = YES_AGGRESSIVE;
				GCC_WARN_UNUSED_FUNCTION = YES;
				GCC_WARN_UNUSED_VARIABLE = YES;
				IPHONEOS_DEPLOYMENT_TARGET = 14.4;
				MTL_ENABLE_DEBUG_INFO = NO;
				MTL_FAST_MATH = YES;
				SDKROOT = iphoneos;
				SWIFT_COMPILATION_MODE = wholemodule;
				SWIFT_OPTIMIZATION_LEVEL = "-O";
				VALIDATE_PRODUCT = YES;
			};
			name = Release;
		};
		6CBD0B9E25DABC480031B169 /* Debug */ = {
			isa = XCBuildConfiguration;
			buildSettings = {
				ASSETCATALOG_COMPILER_APPICON_NAME = AppIcon;
				ASSETCATALOG_COMPILER_GLOBAL_ACCENT_COLOR_NAME = AccentColor;
				CODE_SIGN_STYLE = Automatic;
				DEVELOPMENT_TEAM = 6U82CZ8B46;
				INFOPLIST_FILE = SpotTheScientist2/Info.plist;
				LD_RUNPATH_SEARCH_PATHS = (
					"$(inherited)",
					"@executable_path/Frameworks",
				);
				PRODUCT_BUNDLE_IDENTIFIER = com.hcl.SpotTheScientist2;
				PRODUCT_NAME = "$(TARGET_NAME)";
				SWIFT_VERSION = 5.0;
				TARGETED_DEVICE_FAMILY = "1,2";
			};
			name = Debug;
		};
		6CBD0B9F25DABC480031B169 /* Release */ = {
			isa = XCBuildConfiguration;
			buildSettings = {
				ASSETCATALOG_COMPILER_APPICON_NAME = AppIcon;
				ASSETCATALOG_COMPILER_GLOBAL_ACCENT_COLOR_NAME = AccentColor;
				CODE_SIGN_STYLE = Automatic;
				DEVELOPMENT_TEAM = 6U82CZ8B46;
				INFOPLIST_FILE = SpotTheScientist2/Info.plist;
				LD_RUNPATH_SEARCH_PATHS = (
					"$(inherited)",
					"@executable_path/Frameworks",
				);
				PRODUCT_BUNDLE_IDENTIFIER = com.hcl.SpotTheScientist2;
				PRODUCT_NAME = "$(TARGET_NAME)";
				SWIFT_VERSION = 5.0;
				TARGETED_DEVICE_FAMILY = "1,2";
			};
			name = Release;
		};
/* End XCBuildConfiguration section */

/* Begin XCConfigurationList section */
		6CBD0B8425DABC460031B169 /* Build configuration list for PBXProject "SpotTheScientist2" */ = {
			isa = XCConfigurationList;
			buildConfigurations = (
				6CBD0B9B25DABC480031B169 /* Debug */,
				6CBD0B9C25DABC480031B169 /* Release */,
			);
			defaultConfigurationIsVisible = 0;
			defaultConfigurationName = Release;
		};
		6CBD0B9D25DABC480031B169 /* Build configuration list for PBXNativeTarget "SpotTheScientist2" */ = {
			isa = XCConfigurationList;
			buildConfigurations = (
				6CBD0B9E25DABC480031B169 /* Debug */,
				6CBD0B9F25DABC480031B169 /* Release */,
			);
			defaultConfigurationIsVisible = 0;
			defaultConfigurationName = Release;
		};
/* End XCConfigurationList section */
	};
	rootObject = 6CBD0B8125DABC460031B169 /* Project object */;
}
